// !$*UTF8*$!
{
	archiveVersion = 1;
	classes = {
	};
	objectVersion = 56;
	objects = {

/* Begin PBXBuildFile section */
		7638274829D45382002212DD /* DietPlanApp.swift in Sources */ = {isa = PBXBuildFile; fileRef = 7638274729D45382002212DD /* DietPlanApp.swift */; };
		7638274A29D45382002212DD /* DietPlanView.swift in Sources */ = {isa = PBXBuildFile; fileRef = 7638274929D45382002212DD /* DietPlanView.swift */; };
		7638274C29D45384002212DD /* Assets.xcassets in Resources */ = {isa = PBXBuildFile; fileRef = 7638274B29D45384002212DD /* Assets.xcassets */; };
		7638274F29D45384002212DD /* Preview Assets.xcassets in Resources */ = {isa = PBXBuildFile; fileRef = 7638274E29D45384002212DD /* Preview Assets.xcassets */; };
		7638276629D469E5002212DD /* FoodsView.swift in Sources */ = {isa = PBXBuildFile; fileRef = 7638276529D469E5002212DD /* FoodsView.swift */; };
		7638276829D46A09002212DD /* PerfilScreen.swift in Sources */ = {isa = PBXBuildFile; fileRef = 7638276729D46A09002212DD /* PerfilScreen.swift */; };
		7638276A29D46A13002212DD /* WeightView.swift in Sources */ = {isa = PBXBuildFile; fileRef = 7638276929D46A13002212DD /* WeightView.swift */; };
		7638276C29D47113002212DD /* Model.swift in Sources */ = {isa = PBXBuildFile; fileRef = 7638276B29D47113002212DD /* Model.swift */; };
		7638276E29D592C4002212DD /* HeightView.swift in Sources */ = {isa = PBXBuildFile; fileRef = 7638276D29D592C4002212DD /* HeightView.swift */; };
		7638277029D592D9002212DD /* AgeView.swift in Sources */ = {isa = PBXBuildFile; fileRef = 7638276F29D592D9002212DD /* AgeView.swift */; };
		7638277229D592EB002212DD /* GenderView.swift in Sources */ = {isa = PBXBuildFile; fileRef = 7638277129D592EB002212DD /* GenderView.swift */; };
		7638277429D5931B002212DD /* ActivityLevelView.swift in Sources */ = {isa = PBXBuildFile; fileRef = 7638277329D5931B002212DD /* ActivityLevelView.swift */; };
		7638277729D593C2002212DD /* GoalView.swift in Sources */ = {isa = PBXBuildFile; fileRef = 7638277629D593C2002212DD /* GoalView.swift */; };
		7638277929D59559002212DD /* CalorieIntakeTmbView.swift in Sources */ = {isa = PBXBuildFile; fileRef = 7638277829D59559002212DD /* CalorieIntakeTmbView.swift */; };
		7638277B29D89660002212DD /* ProfileImage.swift in Sources */ = {isa = PBXBuildFile; fileRef = 7638277A29D89660002212DD /* ProfileImage.swift */; };
		AE705EE229D76025001C9B59 /* NameView.swift in Sources */ = {isa = PBXBuildFile; fileRef = AE705EE129D76025001C9B59 /* NameView.swift */; };
		AED01B3829D715B700B39232 /* FoodsModel.swift in Sources */ = {isa = PBXBuildFile; fileRef = AED01B3729D715B700B39232 /* FoodsModel.swift */; };
		AED01B3A29D7184600B39232 /* Tela03View.swift in Sources */ = {isa = PBXBuildFile; fileRef = AED01B3929D7184600B39232 /* Tela03View.swift */; };
/* End PBXBuildFile section */

/* Begin PBXFileReference section */
		7638274429D45382002212DD /* DietPlan.app */ = {isa = PBXFileReference; explicitFileType = wrapper.application; includeInIndex = 0; path = DietPlan.app; sourceTree = BUILT_PRODUCTS_DIR; };
		7638274729D45382002212DD /* DietPlanApp.swift */ = {isa = PBXFileReference; lastKnownFileType = sourcecode.swift; path = DietPlanApp.swift; sourceTree = "<group>"; };
		7638274929D45382002212DD /* DietPlanView.swift */ = {isa = PBXFileReference; lastKnownFileType = sourcecode.swift; path = DietPlanView.swift; sourceTree = "<group>"; };
		7638274B29D45384002212DD /* Assets.xcassets */ = {isa = PBXFileReference; lastKnownFileType = folder.assetcatalog; path = Assets.xcassets; sourceTree = "<group>"; };
		7638274E29D45384002212DD /* Preview Assets.xcassets */ = {isa = PBXFileReference; lastKnownFileType = folder.assetcatalog; path = "Preview Assets.xcassets"; sourceTree = "<group>"; };
		7638276529D469E5002212DD /* FoodsView.swift */ = {isa = PBXFileReference; lastKnownFileType = sourcecode.swift; path = FoodsView.swift; sourceTree = "<group>"; };
		7638276729D46A09002212DD /* PerfilScreen.swift */ = {isa = PBXFileReference; lastKnownFileType = sourcecode.swift; path = PerfilScreen.swift; sourceTree = "<group>"; };
		7638276929D46A13002212DD /* WeightView.swift */ = {isa = PBXFileReference; lastKnownFileType = sourcecode.swift; path = WeightView.swift; sourceTree = "<group>"; };
		7638276B29D47113002212DD /* Model.swift */ = {isa = PBXFileReference; lastKnownFileType = sourcecode.swift; path = Model.swift; sourceTree = "<group>"; };
		7638276D29D592C4002212DD /* HeightView.swift */ = {isa = PBXFileReference; lastKnownFileType = sourcecode.swift; path = HeightView.swift; sourceTree = "<group>"; };
		7638276F29D592D9002212DD /* AgeView.swift */ = {isa = PBXFileReference; lastKnownFileType = sourcecode.swift; path = AgeView.swift; sourceTree = "<group>"; };
		7638277129D592EB002212DD /* GenderView.swift */ = {isa = PBXFileReference; lastKnownFileType = sourcecode.swift; path = GenderView.swift; sourceTree = "<group>"; };
		7638277329D5931B002212DD /* ActivityLevelView.swift */ = {isa = PBXFileReference; lastKnownFileType = sourcecode.swift; path = ActivityLevelView.swift; sourceTree = "<group>"; };
		7638277629D593C2002212DD /* GoalView.swift */ = {isa = PBXFileReference; lastKnownFileType = sourcecode.swift; path = GoalView.swift; sourceTree = "<group>"; };
		7638277829D59559002212DD /* CalorieIntakeTmbView.swift */ = {isa = PBXFileReference; lastKnownFileType = sourcecode.swift; path = CalorieIntakeTmbView.swift; sourceTree = "<group>"; };
		7638277A29D89660002212DD /* ProfileImage.swift */ = {isa = PBXFileReference; lastKnownFileType = sourcecode.swift; path = ProfileImage.swift; sourceTree = "<group>"; };
		AE705EE129D76025001C9B59 /* NameView.swift */ = {isa = PBXFileReference; lastKnownFileType = sourcecode.swift; path = NameView.swift; sourceTree = "<group>"; };
		AED01B3729D715B700B39232 /* FoodsModel.swift */ = {isa = PBXFileReference; lastKnownFileType = sourcecode.swift; path = FoodsModel.swift; sourceTree = "<group>"; };
		AED01B3929D7184600B39232 /* Tela03View.swift */ = {isa = PBXFileReference; lastKnownFileType = sourcecode.swift; path = Tela03View.swift; sourceTree = "<group>"; };
/* End PBXFileReference section */

/* Begin PBXFrameworksBuildPhase section */
		7638274129D45382002212DD /* Frameworks */ = {
			isa = PBXFrameworksBuildPhase;
			buildActionMask = 2147483647;
			files = (
			);
			runOnlyForDeploymentPostprocessing = 0;
		};
/* End PBXFrameworksBuildPhase section */

/* Begin PBXGroup section */
		7638273B29D45382002212DD = {
			isa = PBXGroup;
			children = (
				7638274629D45382002212DD /* DietPlan */,
				7638274529D45382002212DD /* Products */,
			);
			sourceTree = "<group>";
		};
		7638274529D45382002212DD /* Products */ = {
			isa = PBXGroup;
			children = (
				7638274429D45382002212DD /* DietPlan.app */,
			);
			name = Products;
			sourceTree = "<group>";
		};
		7638274629D45382002212DD /* DietPlan */ = {
			isa = PBXGroup;
			children = (
				7638275829D45C75002212DD /* DietPlanMain */,
				7638275929D45C95002212DD /* DietPlanViews */,
				7638275D29D45D1C002212DD /* Perfil */,
				AED01B3B29D7190E00B39232 /* DietPlantela03 */,
				7638275E29D45D26002212DD /* Foods */,
				7638274B29D45384002212DD /* Assets.xcassets */,
				7638274D29D45384002212DD /* Preview Content */,
			);
			path = DietPlan;
			sourceTree = "<group>";
		};
		7638274D29D45384002212DD /* Preview Content */ = {
			isa = PBXGroup;
			children = (
				7638274E29D45384002212DD /* Preview Assets.xcassets */,
			);
			path = "Preview Content";
			sourceTree = "<group>";
		};
		7638275529D45BFE002212DD /* Model */ = {
			isa = PBXGroup;
			children = (
				7638274729D45382002212DD /* DietPlanApp.swift */,
			);
			path = Model;
			sourceTree = "<group>";
		};
		7638275629D45C39002212DD /* View */ = {
			isa = PBXGroup;
			children = (
				7638274929D45382002212DD /* DietPlanView.swift */,
			);
			path = View;
			sourceTree = "<group>";
		};
		7638275729D45C41002212DD /* VielModel */ = {
			isa = PBXGroup;
			children = (
			);
			path = VielModel;
			sourceTree = "<group>";
		};
		7638275829D45C75002212DD /* DietPlanMain */ = {
			isa = PBXGroup;
			children = (
				7638275529D45BFE002212DD /* Model */,
				7638275629D45C39002212DD /* View */,
				7638275729D45C41002212DD /* VielModel */,
			);
			path = DietPlanMain;
			sourceTree = "<group>";
		};
		7638275929D45C95002212DD /* DietPlanViews */ = {
			isa = PBXGroup;
			children = (
				7638275B29D45CC7002212DD /* Model */,
				7638275C29D45CD0002212DD /* View */,
				7638275A29D45CBA002212DD /* ViewModel */,
			);
			path = DietPlanViews;
			sourceTree = "<group>";
		};
		7638275A29D45CBA002212DD /* ViewModel */ = {
			isa = PBXGroup;
			children = (
			);
			path = ViewModel;
			sourceTree = "<group>";
		};
		7638275B29D45CC7002212DD /* Model */ = {
			isa = PBXGroup;
			children = (
				7638276B29D47113002212DD /* Model.swift */,
			);
			path = Model;
			sourceTree = "<group>";
		};
		7638275C29D45CD0002212DD /* View */ = {
			isa = PBXGroup;
			children = (
				AE705EE129D76025001C9B59 /* NameView.swift */,
				7638276929D46A13002212DD /* WeightView.swift */,
				7638276D29D592C4002212DD /* HeightView.swift */,
				7638276F29D592D9002212DD /* AgeView.swift */,
				7638277129D592EB002212DD /* GenderView.swift */,
				7638277329D5931B002212DD /* ActivityLevelView.swift */,
				7638277629D593C2002212DD /* GoalView.swift */,
				7638277829D59559002212DD /* CalorieIntakeTmbView.swift */,
			);
			path = View;
			sourceTree = "<group>";
		};
		7638275D29D45D1C002212DD /* Perfil */ = {
			isa = PBXGroup;
			children = (
				7638276129D45D48002212DD /* Model */,
				7638276029D45D42002212DD /* View */,
				7638275F29D45D36002212DD /* ViewModel */,
			);
			path = Perfil;
			sourceTree = "<group>";
		};
		7638275E29D45D26002212DD /* Foods */ = {
			isa = PBXGroup;
			children = (
				7638276429D45D66002212DD /* Model */,
				7638276329D45D5F002212DD /* View */,
				7638276229D45D59002212DD /* ViewModel */,
			);
			path = Foods;
			sourceTree = "<group>";
		};
		7638275F29D45D36002212DD /* ViewModel */ = {
			isa = PBXGroup;
			children = (
			);
			path = ViewModel;
			sourceTree = "<group>";
		};
		7638276029D45D42002212DD /* View */ = {
			isa = PBXGroup;
			children = (
				7638276729D46A09002212DD /* PerfilScreen.swift */,
				7638277A29D89660002212DD /* ProfileImage.swift */,
			);
			path = View;
			sourceTree = "<group>";
		};
		7638276129D45D48002212DD /* Model */ = {
			isa = PBXGroup;
			children = (
			);
			path = Model;
			sourceTree = "<group>";
		};
		7638276229D45D59002212DD /* ViewModel */ = {
			isa = PBXGroup;
			children = (
			);
			path = ViewModel;
			sourceTree = "<group>";
		};
		7638276329D45D5F002212DD /* View */ = {
			isa = PBXGroup;
			children = (
				7638276529D469E5002212DD /* FoodsView.swift */,
			);
			path = View;
			sourceTree = "<group>";
		};
		7638276429D45D66002212DD /* Model */ = {
			isa = PBXGroup;
			children = (
				AED01B3729D715B700B39232 /* FoodsModel.swift */,
			);
			path = Model;
			sourceTree = "<group>";
		};
		AED01B3B29D7190E00B39232 /* DietPlantela03 */ = {
			isa = PBXGroup;
			children = (
				AED01B3C29D7193D00B39232 /* View */,
			);
			path = DietPlantela03;
			sourceTree = "<group>";
		};
		AED01B3C29D7193D00B39232 /* View */ = {
			isa = PBXGroup;
			children = (
				AED01B3929D7184600B39232 /* Tela03View.swift */,
			);
			path = View;
			sourceTree = "<group>";
		};
/* End PBXGroup section */

/* Begin PBXNativeTarget section */
		7638274329D45382002212DD /* DietPlan */ = {
			isa = PBXNativeTarget;
			buildConfigurationList = 7638275229D45384002212DD /* Build configuration list for PBXNativeTarget "DietPlan" */;
			buildPhases = (
				7638274029D45382002212DD /* Sources */,
				7638274129D45382002212DD /* Frameworks */,
				7638274229D45382002212DD /* Resources */,
			);
			buildRules = (
			);
			dependencies = (
			);
			name = DietPlan;
			productName = DietPlan;
			productReference = 7638274429D45382002212DD /* DietPlan.app */;
			productType = "com.apple.product-type.application";
		};
/* End PBXNativeTarget section */

/* Begin PBXProject section */
		7638273C29D45382002212DD /* Project object */ = {
			isa = PBXProject;
			attributes = {
				BuildIndependentTargetsInParallel = 1;
				LastSwiftUpdateCheck = 1420;
				LastUpgradeCheck = 1420;
				TargetAttributes = {
					7638274329D45382002212DD = {
						CreatedOnToolsVersion = 14.2;
					};
				};
			};
			buildConfigurationList = 7638273F29D45382002212DD /* Build configuration list for PBXProject "DietPlan" */;
			compatibilityVersion = "Xcode 14.0";
			developmentRegion = en;
			hasScannedForEncodings = 0;
			knownRegions = (
				en,
				Base,
			);
			mainGroup = 7638273B29D45382002212DD;
			productRefGroup = 7638274529D45382002212DD /* Products */;
			projectDirPath = "";
			projectRoot = "";
			targets = (
				7638274329D45382002212DD /* DietPlan */,
			);
		};
/* End PBXProject section */

/* Begin PBXResourcesBuildPhase section */
		7638274229D45382002212DD /* Resources */ = {
			isa = PBXResourcesBuildPhase;
			buildActionMask = 2147483647;
			files = (
				7638274F29D45384002212DD /* Preview Assets.xcassets in Resources */,
				7638274C29D45384002212DD /* Assets.xcassets in Resources */,
			);
			runOnlyForDeploymentPostprocessing = 0;
		};
/* End PBXResourcesBuildPhase section */

/* Begin PBXSourcesBuildPhase section */
		7638274029D45382002212DD /* Sources */ = {
			isa = PBXSourcesBuildPhase;
			buildActionMask = 2147483647;
			files = (
				7638277229D592EB002212DD /* GenderView.swift in Sources */,
				7638277B29D89660002212DD /* ProfileImage.swift in Sources */,
				AED01B3829D715B700B39232 /* FoodsModel.swift in Sources */,
				AE705EE229D76025001C9B59 /* NameView.swift in Sources */,
				AED01B3A29D7184600B39232 /* Tela03View.swift in Sources */,
				7638277029D592D9002212DD /* AgeView.swift in Sources */,
				7638276C29D47113002212DD /* Model.swift in Sources */,
				7638277729D593C2002212DD /* GoalView.swift in Sources */,
				7638274A29D45382002212DD /* DietPlanView.swift in Sources */,
				7638277429D5931B002212DD /* ActivityLevelView.swift in Sources */,
				7638277929D59559002212DD /* CalorieIntakeTmbView.swift in Sources */,
				7638274829D45382002212DD /* DietPlanApp.swift in Sources */,
				7638276629D469E5002212DD /* FoodsView.swift in Sources */,
				7638276E29D592C4002212DD /* HeightView.swift in Sources */,
				7638276829D46A09002212DD /* PerfilScreen.swift in Sources */,
				7638276A29D46A13002212DD /* WeightView.swift in Sources */,
			);
			runOnlyForDeploymentPostprocessing = 0;
		};
/* End PBXSourcesBuildPhase section */

/* Begin XCBuildConfiguration section */
		7638275029D45384002212DD /* Debug */ = {
			isa = XCBuildConfiguration;
			buildSettings = {
				ALWAYS_SEARCH_USER_PATHS = NO;
				CLANG_ANALYZER_NONNULL = YES;
				CLANG_ANALYZER_NUMBER_OBJECT_CONVERSION = YES_AGGRESSIVE;
				CLANG_CXX_LANGUAGE_STANDARD = "gnu++20";
				CLANG_ENABLE_MODULES = YES;
				CLANG_ENABLE_OBJC_ARC = YES;
				CLANG_ENABLE_OBJC_WEAK = YES;
				CLANG_WARN_BLOCK_CAPTURE_AUTORELEASING = YES;
				CLANG_WARN_BOOL_CONVERSION = YES;
				CLANG_WARN_COMMA = YES;
				CLANG_WARN_CONSTANT_CONVERSION = YES;
				CLANG_WARN_DEPRECATED_OBJC_IMPLEMENTATIONS = YES;
				CLANG_WARN_DIRECT_OBJC_ISA_USAGE = YES_ERROR;
				CLANG_WARN_DOCUMENTATION_COMMENTS = YES;
				CLANG_WARN_EMPTY_BODY = YES;
				CLANG_WARN_ENUM_CONVERSION = YES;
				CLANG_WARN_INFINITE_RECURSION = YES;
				CLANG_WARN_INT_CONVERSION = YES;
				CLANG_WARN_NON_LITERAL_NULL_CONVERSION = YES;
				CLANG_WARN_OBJC_IMPLICIT_RETAIN_SELF = YES;
				CLANG_WARN_OBJC_LITERAL_CONVERSION = YES;
				CLANG_WARN_OBJC_ROOT_CLASS = YES_ERROR;
				CLANG_WARN_QUOTED_INCLUDE_IN_FRAMEWORK_HEADER = YES;
				CLANG_WARN_RANGE_LOOP_ANALYSIS = YES;
				CLANG_WARN_STRICT_PROTOTYPES = YES;
				CLANG_WARN_SUSPICIOUS_MOVE = YES;
				CLANG_WARN_UNGUARDED_AVAILABILITY = YES_AGGRESSIVE;
				CLANG_WARN_UNREACHABLE_CODE = YES;
				CLANG_WARN__DUPLICATE_METHOD_MATCH = YES;
				COPY_PHASE_STRIP = NO;
				DEBUG_INFORMATION_FORMAT = dwarf;
				ENABLE_STRICT_OBJC_MSGSEND = YES;
				ENABLE_TESTABILITY = YES;
				GCC_C_LANGUAGE_STANDARD = gnu11;
				GCC_DYNAMIC_NO_PIC = NO;
				GCC_NO_COMMON_BLOCKS = YES;
				GCC_OPTIMIZATION_LEVEL = 0;
				GCC_PREPROCESSOR_DEFINITIONS = (
					"DEBUG=1",
					"$(inherited)",
				);
				GCC_WARN_64_TO_32_BIT_CONVERSION = YES;
				GCC_WARN_ABOUT_RETURN_TYPE = YES_ERROR;
				GCC_WARN_UNDECLARED_SELECTOR = YES;
				GCC_WARN_UNINITIALIZED_AUTOS = YES_AGGRESSIVE;
				GCC_WARN_UNUSED_FUNCTION = YES;
				GCC_WARN_UNUSED_VARIABLE = YES;
				IPHONEOS_DEPLOYMENT_TARGET = 16.2;
				MTL_ENABLE_DEBUG_INFO = INCLUDE_SOURCE;
				MTL_FAST_MATH = YES;
				ONLY_ACTIVE_ARCH = YES;
				SDKROOT = iphoneos;
				SWIFT_ACTIVE_COMPILATION_CONDITIONS = DEBUG;
				SWIFT_OPTIMIZATION_LEVEL = "-Onone";
			};
			name = Debug;
		};
		7638275129D45384002212DD /* Release */ = {
			isa = XCBuildConfiguration;
			buildSettings = {
				ALWAYS_SEARCH_USER_PATHS = NO;
				CLANG_ANALYZER_NONNULL = YES;
				CLANG_ANALYZER_NUMBER_OBJECT_CONVERSION = YES_AGGRESSIVE;
				CLANG_CXX_LANGUAGE_STANDARD = "gnu++20";
				CLANG_ENABLE_MODULES = YES;
				CLANG_ENABLE_OBJC_ARC = YES;
				CLANG_ENABLE_OBJC_WEAK = YES;
				CLANG_WARN_BLOCK_CAPTURE_AUTORELEASING = YES;
				CLANG_WARN_BOOL_CONVERSION = YES;
				CLANG_WARN_COMMA = YES;
				CLANG_WARN_CONSTANT_CONVERSION = YES;
				CLANG_WARN_DEPRECATED_OBJC_IMPLEMENTATIONS = YES;
				CLANG_WARN_DIRECT_OBJC_ISA_USAGE = YES_ERROR;
				CLANG_WARN_DOCUMENTATION_COMMENTS = YES;
				CLANG_WARN_EMPTY_BODY = YES;
				CLANG_WARN_ENUM_CONVERSION = YES;
				CLANG_WARN_INFINITE_RECURSION = YES;
				CLANG_WARN_INT_CONVERSION = YES;
				CLANG_WARN_NON_LITERAL_NULL_CONVERSION = YES;
				CLANG_WARN_OBJC_IMPLICIT_RETAIN_SELF = YES;
				CLANG_WARN_OBJC_LITERAL_CONVERSION = YES;
				CLANG_WARN_OBJC_ROOT_CLASS = YES_ERROR;
				CLANG_WARN_QUOTED_INCLUDE_IN_FRAMEWORK_HEADER = YES;
				CLANG_WARN_RANGE_LOOP_ANALYSIS = YES;
				CLANG_WARN_STRICT_PROTOTYPES = YES;
				CLANG_WARN_SUSPICIOUS_MOVE = YES;
				CLANG_WARN_UNGUARDED_AVAILABILITY = YES_AGGRESSIVE;
				CLANG_WARN_UNREACHABLE_CODE = YES;
				CLANG_WARN__DUPLICATE_METHOD_MATCH = YES;
				COPY_PHASE_STRIP = NO;
				DEBUG_INFORMATION_FORMAT = "dwarf-with-dsym";
				ENABLE_NS_ASSERTIONS = NO;
				ENABLE_STRICT_OBJC_MSGSEND = YES;
				GCC_C_LANGUAGE_STANDARD = gnu11;
				GCC_NO_COMMON_BLOCKS = YES;
				GCC_WARN_64_TO_32_BIT_CONVERSION = YES;
				GCC_WARN_ABOUT_RETURN_TYPE = YES_ERROR;
				GCC_WARN_UNDECLARED_SELECTOR = YES;
				GCC_WARN_UNINITIALIZED_AUTOS = YES_AGGRESSIVE;
				GCC_WARN_UNUSED_FUNCTION = YES;
				GCC_WARN_UNUSED_VARIABLE = YES;
				IPHONEOS_DEPLOYMENT_TARGET = 16.2;
				MTL_ENABLE_DEBUG_INFO = NO;
				MTL_FAST_MATH = YES;
				SDKROOT = iphoneos;
				SWIFT_COMPILATION_MODE = wholemodule;
				SWIFT_OPTIMIZATION_LEVEL = "-O";
				VALIDATE_PRODUCT = YES;
			};
			name = Release;
		};
		7638275329D45384002212DD /* Debug */ = {
			isa = XCBuildConfiguration;
			buildSettings = {
				ASSETCATALOG_COMPILER_APPICON_NAME = AppIcon;
				ASSETCATALOG_COMPILER_GLOBAL_ACCENT_COLOR_NAME = AccentColor;
				CODE_SIGN_STYLE = Automatic;
				CURRENT_PROJECT_VERSION = 1;
				DEVELOPMENT_ASSET_PATHS = "\"DietPlan/Preview Content\"";
				DEVELOPMENT_TEAM = 34VENSFD79;
				ENABLE_PREVIEWS = YES;
				GENERATE_INFOPLIST_FILE = YES;
				INFOPLIST_KEY_UIApplicationSceneManifest_Generation = YES;
				INFOPLIST_KEY_UIApplicationSupportsIndirectInputEvents = YES;
				INFOPLIST_KEY_UILaunchScreen_Generation = YES;
				INFOPLIST_KEY_UISupportedInterfaceOrientations_iPad = "UIInterfaceOrientationPortrait UIInterfaceOrientationPortraitUpsideDown UIInterfaceOrientationLandscapeLeft UIInterfaceOrientationLandscapeRight";
				INFOPLIST_KEY_UISupportedInterfaceOrientations_iPhone = "UIInterfaceOrientationPortrait UIInterfaceOrientationLandscapeLeft UIInterfaceOrientationLandscapeRight";
				LD_RUNPATH_SEARCH_PATHS = (
					"$(inherited)",
					"@executable_path/Frameworks",
				);
				MARKETING_VERSION = 1.0;
				PRODUCT_BUNDLE_IDENTIFIER = com.rodolfocomparsi.DietPlan;
				PRODUCT_NAME = "$(TARGET_NAME)";
				SWIFT_EMIT_LOC_STRINGS = YES;
				SWIFT_VERSION = 5.0;
				TARGETED_DEVICE_FAMILY = "1,2";
			};
			name = Debug;
		};
		7638275429D45384002212DD /* Release */ = {
			isa = XCBuildConfiguration;
			buildSettings = {
				ASSETCATALOG_COMPILER_APPICON_NAME = AppIcon;
				ASSETCATALOG_COMPILER_GLOBAL_ACCENT_COLOR_NAME = AccentColor;
				CODE_SIGN_STYLE = Automatic;
				CURRENT_PROJECT_VERSION = 1;
				DEVELOPMENT_ASSET_PATHS = "\"DietPlan/Preview Content\"";
				DEVELOPMENT_TEAM = 34VENSFD79;
				ENABLE_PREVIEWS = YES;
				GENERATE_INFOPLIST_FILE = YES;
				INFOPLIST_KEY_UIApplicationSceneManifest_Generation = YES;
				INFOPLIST_KEY_UIApplicationSupportsIndirectInputEvents = YES;
				INFOPLIST_KEY_UILaunchScreen_Generation = YES;
				INFOPLIST_KEY_UISupportedInterfaceOrientations_iPad = "UIInterfaceOrientationPortrait UIInterfaceOrientationPortraitUpsideDown UIInterfaceOrientationLandscapeLeft UIInterfaceOrientationLandscapeRight";
				INFOPLIST_KEY_UISupportedInterfaceOrientations_iPhone = "UIInterfaceOrientationPortrait UIInterfaceOrientationLandscapeLeft UIInterfaceOrientationLandscapeRight";
				LD_RUNPATH_SEARCH_PATHS = (
					"$(inherited)",
					"@executable_path/Frameworks",
				);
				MARKETING_VERSION = 1.0;
				PRODUCT_BUNDLE_IDENTIFIER = com.rodolfocomparsi.DietPlan;
				PRODUCT_NAME = "$(TARGET_NAME)";
				SWIFT_EMIT_LOC_STRINGS = YES;
				SWIFT_VERSION = 5.0;
				TARGETED_DEVICE_FAMILY = "1,2";
			};
			name = Release;
		};
/* End XCBuildConfiguration section */

/* Begin XCConfigurationList section */
		7638273F29D45382002212DD /* Build configuration list for PBXProject "DietPlan" */ = {
			isa = XCConfigurationList;
			buildConfigurations = (
				7638275029D45384002212DD /* Debug */,
				7638275129D45384002212DD /* Release */,
			);
			defaultConfigurationIsVisible = 0;
			defaultConfigurationName = Release;
		};
		7638275229D45384002212DD /* Build configuration list for PBXNativeTarget "DietPlan" */ = {
			isa = XCConfigurationList;
			buildConfigurations = (
				7638275329D45384002212DD /* Debug */,
				7638275429D45384002212DD /* Release */,
			);
			defaultConfigurationIsVisible = 0;
			defaultConfigurationName = Release;
		};
/* End XCConfigurationList section */
	};
	rootObject = 7638273C29D45382002212DD /* Project object */;
}
